// !$*UTF8*$!
{
	archiveVersion = 1;
	classes = {
	};
	objectVersion = 50;
	objects = {

/* Begin PBXBuildFile section */
		3522B50A21B7685B004A7C8F /* AppDelegate.m in Sources */ = {isa = PBXBuildFile; fileRef = 3522B50921B7685B004A7C8F /* AppDelegate.m */; };
		3522B51321B7685B004A7C8F /* Zhangdian.xcdatamodeld in Sources */ = {isa = PBXBuildFile; fileRef = 3522B51121B7685B004A7C8F /* Zhangdian.xcdatamodeld */; };
		3522B51521B7685C004A7C8F /* Assets.xcassets in Resources */ = {isa = PBXBuildFile; fileRef = 3522B51421B7685C004A7C8F /* Assets.xcassets */; };
		3522B51821B7685C004A7C8F /* LaunchScreen.storyboard in Resources */ = {isa = PBXBuildFile; fileRef = 3522B51621B7685C004A7C8F /* LaunchScreen.storyboard */; };
		3522B51B21B7685C004A7C8F /* main.m in Sources */ = {isa = PBXBuildFile; fileRef = 3522B51A21B7685C004A7C8F /* main.m */; };
		3522B52621B7ADD4004A7C8F /* ZDNet.m in Sources */ = {isa = PBXBuildFile; fileRef = 3522B52521B7ADD4004A7C8F /* ZDNet.m */; };
		352D9E3B21BA1437007479DA /* ZDTitleView.m in Sources */ = {isa = PBXBuildFile; fileRef = 352D9E3A21BA1437007479DA /* ZDTitleView.m */; };
		3531B11221C7722F00530BDC /* ZDCenterBarItem.m in Sources */ = {isa = PBXBuildFile; fileRef = 3531B11121C7722F00530BDC /* ZDCenterBarItem.m */; };
		359A267C21DC456A00C1B9C4 /* ZDCarouselReusableView.m in Sources */ = {isa = PBXBuildFile; fileRef = 359A267A21DC456A00C1B9C4 /* ZDCarouselReusableView.m */; };
		359A267D21DC456A00C1B9C4 /* ZDCarouselReusableView.xib in Resources */ = {isa = PBXBuildFile; fileRef = 359A267B21DC456A00C1B9C4 /* ZDCarouselReusableView.xib */; };
		359A268121DC458200C1B9C4 /* ZDTodayeusableView.m in Sources */ = {isa = PBXBuildFile; fileRef = 359A267F21DC458200C1B9C4 /* ZDTodayeusableView.m */; };
		359A268221DC458200C1B9C4 /* ZDTodayeusableView.xib in Resources */ = {isa = PBXBuildFile; fileRef = 359A268021DC458200C1B9C4 /* ZDTodayeusableView.xib */; };
		359A268621DC45B600C1B9C4 /* ZDGuessReusableView.m in Sources */ = {isa = PBXBuildFile; fileRef = 359A268421DC45B600C1B9C4 /* ZDGuessReusableView.m */; };
		359A268721DC45B600C1B9C4 /* ZDGuessReusableView.xib in Resources */ = {isa = PBXBuildFile; fileRef = 359A268521DC45B600C1B9C4 /* ZDGuessReusableView.xib */; };
		359A268A21DC45F700C1B9C4 /* ZDHomeItemCell.m in Sources */ = {isa = PBXBuildFile; fileRef = 359A268921DC45F700C1B9C4 /* ZDHomeItemCell.m */; };
		359A268D21DC461500C1B9C4 /* ZDHomeTodayCell.m in Sources */ = {isa = PBXBuildFile; fileRef = 359A268C21DC461500C1B9C4 /* ZDHomeTodayCell.m */; };
		359A269021DC462D00C1B9C4 /* ZDHomeGuessCell.m in Sources */ = {isa = PBXBuildFile; fileRef = 359A268F21DC462D00C1B9C4 /* ZDHomeGuessCell.m */; };
		35A2EEEF21C7379700A30DB0 /* Set.storyboard in Resources */ = {isa = PBXBuildFile; fileRef = 35A2EEEE21C7379700A30DB0 /* Set.storyboard */; };
		35A2EEF121C737B900A30DB0 /* Forms.storyboard in Resources */ = {isa = PBXBuildFile; fileRef = 35A2EEF021C737B900A30DB0 /* Forms.storyboard */; };
		35A2EEF321C737CA00A30DB0 /* Billing.storyboard in Resources */ = {isa = PBXBuildFile; fileRef = 35A2EEF221C737CA00A30DB0 /* Billing.storyboard */; };
		35A2EEF521C737D600A30DB0 /* Detail.storyboard in Resources */ = {isa = PBXBuildFile; fileRef = 35A2EEF421C737D600A30DB0 /* Detail.storyboard */; };
		35A2EEF721C737E600A30DB0 /* MainPage.storyboard in Resources */ = {isa = PBXBuildFile; fileRef = 35A2EEF621C737E600A30DB0 /* MainPage.storyboard */; };
		35A2EEFA21C7384500A30DB0 /* ZDMainPageController.m in Sources */ = {isa = PBXBuildFile; fileRef = 35A2EEF921C7384500A30DB0 /* ZDMainPageController.m */; };
		35A2EF1021C73A5D00A30DB0 /* Main.storyboard in Resources */ = {isa = PBXBuildFile; fileRef = 35A2EF0F21C73A5D00A30DB0 /* Main.storyboard */; };
		35A2EF1621C73B0000A30DB0 /* ZDNavigationController.m in Sources */ = {isa = PBXBuildFile; fileRef = 35A2EF1521C73B0000A30DB0 /* ZDNavigationController.m */; };
		35A2EF1921C73B2E00A30DB0 /* ZDViewController.m in Sources */ = {isa = PBXBuildFile; fileRef = 35A2EF1821C73B2E00A30DB0 /* ZDViewController.m */; };
		35A2EF1C21C73B4800A30DB0 /* ZDBabBarController.m in Sources */ = {isa = PBXBuildFile; fileRef = 35A2EF1B21C73B4800A30DB0 /* ZDBabBarController.m */; };
		35A2EF1F21C73D7000A30DB0 /* ZDDetailController.m in Sources */ = {isa = PBXBuildFile; fileRef = 35A2EF1E21C73D7000A30DB0 /* ZDDetailController.m */; };
		35A2EF2221C73D8400A30DB0 /* ZDBillingController.m in Sources */ = {isa = PBXBuildFile; fileRef = 35A2EF2121C73D8400A30DB0 /* ZDBillingController.m */; };
		35A2EF2521C73D9500A30DB0 /* ZDFormsController.m in Sources */ = {isa = PBXBuildFile; fileRef = 35A2EF2421C73D9500A30DB0 /* ZDFormsController.m */; };
		35A2EF2821C73DA300A30DB0 /* ZDSetController.m in Sources */ = {isa = PBXBuildFile; fileRef = 35A2EF2721C73DA300A30DB0 /* ZDSetController.m */; };
		A5A2A42F531144D6679D77F0 /* libPods-Zhangdian.a in Frameworks */ = {isa = PBXBuildFile; fileRef = 88037EDA2A5EBB9C4C1AEA4A /* libPods-Zhangdian.a */; };
/* End PBXBuildFile section */

/* Begin PBXFileReference section */
		3522B50521B7685B004A7C8F /* Zhangdian.app */ = {isa = PBXFileReference; explicitFileType = wrapper.application; includeInIndex = 0; path = Zhangdian.app; sourceTree = BUILT_PRODUCTS_DIR; };
		3522B50821B7685B004A7C8F /* AppDelegate.h */ = {isa = PBXFileReference; lastKnownFileType = sourcecode.c.h; path = AppDelegate.h; sourceTree = "<group>"; };
		3522B50921B7685B004A7C8F /* AppDelegate.m */ = {isa = PBXFileReference; lastKnownFileType = sourcecode.c.objc; path = AppDelegate.m; sourceTree = "<group>"; };
		3522B51221B7685B004A7C8F /* Zhangdian.xcdatamodel */ = {isa = PBXFileReference; lastKnownFileType = wrapper.xcdatamodel; path = Zhangdian.xcdatamodel; sourceTree = "<group>"; };
		3522B51421B7685C004A7C8F /* Assets.xcassets */ = {isa = PBXFileReference; lastKnownFileType = folder.assetcatalog; path = Assets.xcassets; sourceTree = "<group>"; };
		3522B51721B7685C004A7C8F /* Base */ = {isa = PBXFileReference; lastKnownFileType = file.storyboard; name = Base; path = Base.lproj/LaunchScreen.storyboard; sourceTree = "<group>"; };
		3522B51921B7685C004A7C8F /* Info.plist */ = {isa = PBXFileReference; lastKnownFileType = text.plist.xml; path = Info.plist; sourceTree = "<group>"; };
		3522B51A21B7685C004A7C8F /* main.m */ = {isa = PBXFileReference; lastKnownFileType = sourcecode.c.objc; path = main.m; sourceTree = "<group>"; };
		3522B52421B7ADD4004A7C8F /* ZDNet.h */ = {isa = PBXFileReference; lastKnownFileType = sourcecode.c.h; path = ZDNet.h; sourceTree = "<group>"; };
		3522B52521B7ADD4004A7C8F /* ZDNet.m */ = {isa = PBXFileReference; lastKnownFileType = sourcecode.c.objc; path = ZDNet.m; sourceTree = "<group>"; };
		3522B52721B7AF64004A7C8F /* PrefixHeader.pch */ = {isa = PBXFileReference; lastKnownFileType = sourcecode.c.h; path = PrefixHeader.pch; sourceTree = "<group>"; };
		352D9E3921BA1437007479DA /* ZDTitleView.h */ = {isa = PBXFileReference; lastKnownFileType = sourcecode.c.h; path = ZDTitleView.h; sourceTree = "<group>"; };
		352D9E3A21BA1437007479DA /* ZDTitleView.m */ = {isa = PBXFileReference; lastKnownFileType = sourcecode.c.objc; path = ZDTitleView.m; sourceTree = "<group>"; };
		352D9E3C21BA1D81007479DA /* ZDMacro.h */ = {isa = PBXFileReference; lastKnownFileType = sourcecode.c.h; path = ZDMacro.h; sourceTree = "<group>"; };
		3531B11021C7722F00530BDC /* ZDCenterBarItem.h */ = {isa = PBXFileReference; lastKnownFileType = sourcecode.c.h; path = ZDCenterBarItem.h; sourceTree = "<group>"; };
		3531B11121C7722F00530BDC /* ZDCenterBarItem.m */ = {isa = PBXFileReference; lastKnownFileType = sourcecode.c.objc; path = ZDCenterBarItem.m; sourceTree = "<group>"; };
		359A267921DC456A00C1B9C4 /* ZDCarouselReusableView.h */ = {isa = PBXFileReference; lastKnownFileType = sourcecode.c.h; path = ZDCarouselReusableView.h; sourceTree = "<group>"; };
		359A267A21DC456A00C1B9C4 /* ZDCarouselReusableView.m */ = {isa = PBXFileReference; lastKnownFileType = sourcecode.c.objc; path = ZDCarouselReusableView.m; sourceTree = "<group>"; };
		359A267B21DC456A00C1B9C4 /* ZDCarouselReusableView.xib */ = {isa = PBXFileReference; lastKnownFileType = file.xib; path = ZDCarouselReusableView.xib; sourceTree = "<group>"; };
		359A267E21DC458200C1B9C4 /* ZDTodayeusableView.h */ = {isa = PBXFileReference; lastKnownFileType = sourcecode.c.h; path = ZDTodayeusableView.h; sourceTree = "<group>"; };
		359A267F21DC458200C1B9C4 /* ZDTodayeusableView.m */ = {isa = PBXFileReference; lastKnownFileType = sourcecode.c.objc; path = ZDTodayeusableView.m; sourceTree = "<group>"; };
		359A268021DC458200C1B9C4 /* ZDTodayeusableView.xib */ = {isa = PBXFileReference; lastKnownFileType = file.xib; path = ZDTodayeusableView.xib; sourceTree = "<group>"; };
		359A268321DC45B600C1B9C4 /* ZDGuessReusableView.h */ = {isa = PBXFileReference; lastKnownFileType = sourcecode.c.h; path = ZDGuessReusableView.h; sourceTree = "<group>"; };
		359A268421DC45B600C1B9C4 /* ZDGuessReusableView.m */ = {isa = PBXFileReference; lastKnownFileType = sourcecode.c.objc; path = ZDGuessReusableView.m; sourceTree = "<group>"; };
		359A268521DC45B600C1B9C4 /* ZDGuessReusableView.xib */ = {isa = PBXFileReference; lastKnownFileType = file.xib; path = ZDGuessReusableView.xib; sourceTree = "<group>"; };
		359A268821DC45F700C1B9C4 /* ZDHomeItemCell.h */ = {isa = PBXFileReference; lastKnownFileType = sourcecode.c.h; path = ZDHomeItemCell.h; sourceTree = "<group>"; };
		359A268921DC45F700C1B9C4 /* ZDHomeItemCell.m */ = {isa = PBXFileReference; lastKnownFileType = sourcecode.c.objc; path = ZDHomeItemCell.m; sourceTree = "<group>"; };
		359A268B21DC461500C1B9C4 /* ZDHomeTodayCell.h */ = {isa = PBXFileReference; lastKnownFileType = sourcecode.c.h; path = ZDHomeTodayCell.h; sourceTree = "<group>"; };
		359A268C21DC461500C1B9C4 /* ZDHomeTodayCell.m */ = {isa = PBXFileReference; lastKnownFileType = sourcecode.c.objc; path = ZDHomeTodayCell.m; sourceTree = "<group>"; };
		359A268E21DC462D00C1B9C4 /* ZDHomeGuessCell.h */ = {isa = PBXFileReference; lastKnownFileType = sourcecode.c.h; path = ZDHomeGuessCell.h; sourceTree = "<group>"; };
		359A268F21DC462D00C1B9C4 /* ZDHomeGuessCell.m */ = {isa = PBXFileReference; lastKnownFileType = sourcecode.c.objc; path = ZDHomeGuessCell.m; sourceTree = "<group>"; };
		35A2EEEE21C7379700A30DB0 /* Set.storyboard */ = {isa = PBXFileReference; lastKnownFileType = file.storyboard; path = Set.storyboard; sourceTree = "<group>"; };
		35A2EEF021C737B900A30DB0 /* Forms.storyboard */ = {isa = PBXFileReference; lastKnownFileType = file.storyboard; path = Forms.storyboard; sourceTree = "<group>"; };
		35A2EEF221C737CA00A30DB0 /* Billing.storyboard */ = {isa = PBXFileReference; lastKnownFileType = file.storyboard; path = Billing.storyboard; sourceTree = "<group>"; };
		35A2EEF421C737D600A30DB0 /* Detail.storyboard */ = {isa = PBXFileReference; lastKnownFileType = file.storyboard; path = Detail.storyboard; sourceTree = "<group>"; };
		35A2EEF621C737E600A30DB0 /* MainPage.storyboard */ = {isa = PBXFileReference; lastKnownFileType = file.storyboard; path = MainPage.storyboard; sourceTree = "<group>"; };
		35A2EEF821C7384500A30DB0 /* ZDMainPageController.h */ = {isa = PBXFileReference; lastKnownFileType = sourcecode.c.h; path = ZDMainPageController.h; sourceTree = "<group>"; };
		35A2EEF921C7384500A30DB0 /* ZDMainPageController.m */ = {isa = PBXFileReference; lastKnownFileType = sourcecode.c.objc; path = ZDMainPageController.m; sourceTree = "<group>"; };
		35A2EF0F21C73A5D00A30DB0 /* Main.storyboard */ = {isa = PBXFileReference; fileEncoding = 4; lastKnownFileType = file.storyboard; path = Main.storyboard; sourceTree = "<group>"; };
		35A2EF1421C73B0000A30DB0 /* ZDNavigationController.h */ = {isa = PBXFileReference; lastKnownFileType = sourcecode.c.h; path = ZDNavigationController.h; sourceTree = "<group>"; };
		35A2EF1521C73B0000A30DB0 /* ZDNavigationController.m */ = {isa = PBXFileReference; lastKnownFileType = sourcecode.c.objc; path = ZDNavigationController.m; sourceTree = "<group>"; };
		35A2EF1721C73B2E00A30DB0 /* ZDViewController.h */ = {isa = PBXFileReference; lastKnownFileType = sourcecode.c.h; path = ZDViewController.h; sourceTree = "<group>"; };
		35A2EF1821C73B2E00A30DB0 /* ZDViewController.m */ = {isa = PBXFileReference; lastKnownFileType = sourcecode.c.objc; path = ZDViewController.m; sourceTree = "<group>"; };
		35A2EF1A21C73B4800A30DB0 /* ZDBabBarController.h */ = {isa = PBXFileReference; lastKnownFileType = sourcecode.c.h; path = ZDBabBarController.h; sourceTree = "<group>"; };
		35A2EF1B21C73B4800A30DB0 /* ZDBabBarController.m */ = {isa = PBXFileReference; lastKnownFileType = sourcecode.c.objc; path = ZDBabBarController.m; sourceTree = "<group>"; };
		35A2EF1D21C73D7000A30DB0 /* ZDDetailController.h */ = {isa = PBXFileReference; lastKnownFileType = sourcecode.c.h; path = ZDDetailController.h; sourceTree = "<group>"; };
		35A2EF1E21C73D7000A30DB0 /* ZDDetailController.m */ = {isa = PBXFileReference; lastKnownFileType = sourcecode.c.objc; path = ZDDetailController.m; sourceTree = "<group>"; };
		35A2EF2021C73D8400A30DB0 /* ZDBillingController.h */ = {isa = PBXFileReference; lastKnownFileType = sourcecode.c.h; path = ZDBillingController.h; sourceTree = "<group>"; };
		35A2EF2121C73D8400A30DB0 /* ZDBillingController.m */ = {isa = PBXFileReference; lastKnownFileType = sourcecode.c.objc; path = ZDBillingController.m; sourceTree = "<group>"; };
		35A2EF2321C73D9500A30DB0 /* ZDFormsController.h */ = {isa = PBXFileReference; lastKnownFileType = sourcecode.c.h; path = ZDFormsController.h; sourceTree = "<group>"; };
		35A2EF2421C73D9500A30DB0 /* ZDFormsController.m */ = {isa = PBXFileReference; lastKnownFileType = sourcecode.c.objc; path = ZDFormsController.m; sourceTree = "<group>"; };
		35A2EF2621C73DA300A30DB0 /* ZDSetController.h */ = {isa = PBXFileReference; lastKnownFileType = sourcecode.c.h; path = ZDSetController.h; sourceTree = "<group>"; };
		35A2EF2721C73DA300A30DB0 /* ZDSetController.m */ = {isa = PBXFileReference; lastKnownFileType = sourcecode.c.objc; path = ZDSetController.m; sourceTree = "<group>"; };
		88037EDA2A5EBB9C4C1AEA4A /* libPods-Zhangdian.a */ = {isa = PBXFileReference; explicitFileType = archive.ar; includeInIndex = 0; path = "libPods-Zhangdian.a"; sourceTree = BUILT_PRODUCTS_DIR; };
		A429E866A7E09B30BA8E67F9 /* Pods-Zhangdian.release.xcconfig */ = {isa = PBXFileReference; includeInIndex = 1; lastKnownFileType = text.xcconfig; name = "Pods-Zhangdian.release.xcconfig"; path = "Pods/Target Support Files/Pods-Zhangdian/Pods-Zhangdian.release.xcconfig"; sourceTree = "<group>"; };
		EF5CBF5FCE6A4331B0BE8C2F /* Pods-Zhangdian.debug.xcconfig */ = {isa = PBXFileReference; includeInIndex = 1; lastKnownFileType = text.xcconfig; name = "Pods-Zhangdian.debug.xcconfig"; path = "Pods/Target Support Files/Pods-Zhangdian/Pods-Zhangdian.debug.xcconfig"; sourceTree = "<group>"; };
/* End PBXFileReference section */

/* Begin PBXFrameworksBuildPhase section */
		3522B50221B7685B004A7C8F /* Frameworks */ = {
			isa = PBXFrameworksBuildPhase;
			buildActionMask = 2147483647;
			files = (
				A5A2A42F531144D6679D77F0 /* libPods-Zhangdian.a in Frameworks */,
			);
			runOnlyForDeploymentPostprocessing = 0;
		};
/* End PBXFrameworksBuildPhase section */

/* Begin PBXGroup section */
		1B3D77582358BCC3FE4FFDA6 /* Frameworks */ = {
			isa = PBXGroup;
			children = (
				88037EDA2A5EBB9C4C1AEA4A /* libPods-Zhangdian.a */,
			);
			name = Frameworks;
			sourceTree = "<group>";
		};
		3522B4FC21B7685A004A7C8F = {
			isa = PBXGroup;
			children = (
				3522B50721B7685B004A7C8F /* Zhangdian */,
				3522B50621B7685B004A7C8F /* Products */,
				F20DC638B520CB8C0B7F783C /* Pods */,
				1B3D77582358BCC3FE4FFDA6 /* Frameworks */,
			);
			sourceTree = "<group>";
		};
		3522B50621B7685B004A7C8F /* Products */ = {
			isa = PBXGroup;
			children = (
				3522B50521B7685B004A7C8F /* Zhangdian.app */,
			);
			name = Products;
			sourceTree = "<group>";
		};
		3522B50721B7685B004A7C8F /* Zhangdian */ = {
			isa = PBXGroup;
			children = (
				3522B52221B7AD71004A7C8F /* Base */,
				3522B52121B7AD59004A7C8F /* Tool */,
				35A2EEE921C736DB00A30DB0 /* MainPage */,
				35A2EEEA21C736E700A30DB0 /* Detail */,
				35A2EEEB21C7370000A30DB0 /* Billing */,
				35A2EEEC21C7372100A30DB0 /* Forms */,
				35A2EEED21C7373100A30DB0 /* Set */,
				3522B51421B7685C004A7C8F /* Assets.xcassets */,
				3522B51621B7685C004A7C8F /* LaunchScreen.storyboard */,
				3522B51921B7685C004A7C8F /* Info.plist */,
				3522B51A21B7685C004A7C8F /* main.m */,
				3522B51121B7685B004A7C8F /* Zhangdian.xcdatamodeld */,
			);
			path = Zhangdian;
			sourceTree = "<group>";
		};
		3522B52121B7AD59004A7C8F /* Tool */ = {
			isa = PBXGroup;
			children = (
				352D9E3821BA1061007479DA /* Segment */,
				3522B52321B7AD9B004A7C8F /* NetWork */,
				3531B11021C7722F00530BDC /* ZDCenterBarItem.h */,
				3531B11121C7722F00530BDC /* ZDCenterBarItem.m */,
			);
			path = Tool;
			sourceTree = "<group>";
		};
		3522B52221B7AD71004A7C8F /* Base */ = {
			isa = PBXGroup;
			children = (
				35A2EF0F21C73A5D00A30DB0 /* Main.storyboard */,
				35A2EF1A21C73B4800A30DB0 /* ZDBabBarController.h */,
				35A2EF1B21C73B4800A30DB0 /* ZDBabBarController.m */,
				35A2EF1721C73B2E00A30DB0 /* ZDViewController.h */,
				35A2EF1821C73B2E00A30DB0 /* ZDViewController.m */,
				35A2EF1421C73B0000A30DB0 /* ZDNavigationController.h */,
				35A2EF1521C73B0000A30DB0 /* ZDNavigationController.m */,
				3522B50821B7685B004A7C8F /* AppDelegate.h */,
				3522B50921B7685B004A7C8F /* AppDelegate.m */,
				3522B52721B7AF64004A7C8F /* PrefixHeader.pch */,
				352D9E3C21BA1D81007479DA /* ZDMacro.h */,
			);
			path = Base;
			sourceTree = "<group>";
		};
		3522B52321B7AD9B004A7C8F /* NetWork */ = {
			isa = PBXGroup;
			children = (
				3522B52421B7ADD4004A7C8F /* ZDNet.h */,
				3522B52521B7ADD4004A7C8F /* ZDNet.m */,
			);
			path = NetWork;
			sourceTree = "<group>";
		};
		352D9E3821BA1061007479DA /* Segment */ = {
			isa = PBXGroup;
			children = (
				352D9E3921BA1437007479DA /* ZDTitleView.h */,
				352D9E3A21BA1437007479DA /* ZDTitleView.m */,
			);
			path = Segment;
			sourceTree = "<group>";
		};
		35A2EEE921C736DB00A30DB0 /* MainPage */ = {
			isa = PBXGroup;
			children = (
				35A2EEF621C737E600A30DB0 /* MainPage.storyboard */,
				35A2EEFB21C7384F00A30DB0 /* ViewController */,
				35A2EEFC21C7385C00A30DB0 /* View */,
				35A2EEFE21C7388700A30DB0 /* ViewModel */,
				35A2EEFD21C7387E00A30DB0 /* Model */,
			);
			path = MainPage;
			sourceTree = "<group>";
		};
		35A2EEEA21C736E700A30DB0 /* Detail */ = {
			isa = PBXGroup;
			children = (
				35A2EEF421C737D600A30DB0 /* Detail.storyboard */,
				35A2EEFF21C738AA00A30DB0 /* ViewController */,
				35A2EF0021C738B900A30DB0 /* View */,
				35A2EF0121C738C100A30DB0 /* ViewModel */,
				35A2EF0221C738CC00A30DB0 /* Model */,
			);
			path = Detail;
			sourceTree = "<group>";
		};
		35A2EEEB21C7370000A30DB0 /* Billing */ = {
			isa = PBXGroup;
			children = (
				35A2EEF221C737CA00A30DB0 /* Billing.storyboard */,
				35A2EF0621C7390100A30DB0 /* ViewController */,
				35A2EF0521C738F900A30DB0 /* View */,
				35A2EF0421C738F200A30DB0 /* ViewModel */,
				35A2EF0321C738E900A30DB0 /* Model */,
			);
			path = Billing;
			sourceTree = "<group>";
		};
		35A2EEEC21C7372100A30DB0 /* Forms */ = {
			isa = PBXGroup;
			children = (
				35A2EEF021C737B900A30DB0 /* Forms.storyboard */,
				35A2EF0A21C7392500A30DB0 /* ViewController */,
				35A2EF0921C7391F00A30DB0 /* View */,
				35A2EF0821C7391700A30DB0 /* ViewModel */,
				35A2EF0721C7391000A30DB0 /* Model */,
			);
			path = Forms;
			sourceTree = "<group>";
		};
		35A2EEED21C7373100A30DB0 /* Set */ = {
			isa = PBXGroup;
			children = (
				35A2EEEE21C7379700A30DB0 /* Set.storyboard */,
				35A2EF0E21C7394800A30DB0 /* ViewController */,
				35A2EF0D21C7394100A30DB0 /* View */,
				35A2EF0C21C7393800A30DB0 /* ViewModel */,
				35A2EF0B21C7393000A30DB0 /* Model */,
			);
			path = Set;
			sourceTree = "<group>";
		};
		35A2EEFB21C7384F00A30DB0 /* ViewController */ = {
			isa = PBXGroup;
			children = (
				35A2EEF821C7384500A30DB0 /* ZDMainPageController.h */,
				35A2EEF921C7384500A30DB0 /* ZDMainPageController.m */,
			);
			path = ViewController;
			sourceTree = "<group>";
		};
		35A2EEFC21C7385C00A30DB0 /* View */ = {
			isa = PBXGroup;
			children = (
				359A267921DC456A00C1B9C4 /* ZDCarouselReusableView.h */,
				359A267A21DC456A00C1B9C4 /* ZDCarouselReusableView.m */,
				359A267B21DC456A00C1B9C4 /* ZDCarouselReusableView.xib */,
				359A267E21DC458200C1B9C4 /* ZDTodayeusableView.h */,
				359A267F21DC458200C1B9C4 /* ZDTodayeusableView.m */,
				359A268021DC458200C1B9C4 /* ZDTodayeusableView.xib */,
				359A268321DC45B600C1B9C4 /* ZDGuessReusableView.h */,
				359A268421DC45B600C1B9C4 /* ZDGuessReusableView.m */,
				359A268521DC45B600C1B9C4 /* ZDGuessReusableView.xib */,
				359A268821DC45F700C1B9C4 /* ZDHomeItemCell.h */,
				359A268921DC45F700C1B9C4 /* ZDHomeItemCell.m */,
				359A268B21DC461500C1B9C4 /* ZDHomeTodayCell.h */,
				359A268C21DC461500C1B9C4 /* ZDHomeTodayCell.m */,
				359A268E21DC462D00C1B9C4 /* ZDHomeGuessCell.h */,
				359A268F21DC462D00C1B9C4 /* ZDHomeGuessCell.m */,
			);
			path = View;
			sourceTree = "<group>";
		};
		35A2EEFD21C7387E00A30DB0 /* Model */ = {
			isa = PBXGroup;
			children = (
			);
			path = Model;
			sourceTree = "<group>";
		};
		35A2EEFE21C7388700A30DB0 /* ViewModel */ = {
			isa = PBXGroup;
			children = (
			);
			path = ViewModel;
			sourceTree = "<group>";
		};
		35A2EEFF21C738AA00A30DB0 /* ViewController */ = {
			isa = PBXGroup;
			children = (
				35A2EF1D21C73D7000A30DB0 /* ZDDetailController.h */,
				35A2EF1E21C73D7000A30DB0 /* ZDDetailController.m */,
			);
			path = ViewController;
			sourceTree = "<group>";
		};
		35A2EF0021C738B900A30DB0 /* View */ = {
			isa = PBXGroup;
			children = (
			);
			path = View;
			sourceTree = "<group>";
		};
		35A2EF0121C738C100A30DB0 /* ViewModel */ = {
			isa = PBXGroup;
			children = (
			);
			path = ViewModel;
			sourceTree = "<group>";
		};
		35A2EF0221C738CC00A30DB0 /* Model */ = {
			isa = PBXGroup;
			children = (
			);
			path = Model;
			sourceTree = "<group>";
		};
		35A2EF0321C738E900A30DB0 /* Model */ = {
			isa = PBXGroup;
			children = (
			);
			path = Model;
			sourceTree = "<group>";
		};
		35A2EF0421C738F200A30DB0 /* ViewModel */ = {
			isa = PBXGroup;
			children = (
			);
			path = ViewModel;
			sourceTree = "<group>";
		};
		35A2EF0521C738F900A30DB0 /* View */ = {
			isa = PBXGroup;
			children = (
			);
			path = View;
			sourceTree = "<group>";
		};
		35A2EF0621C7390100A30DB0 /* ViewController */ = {
			isa = PBXGroup;
			children = (
				35A2EF2021C73D8400A30DB0 /* ZDBillingController.h */,
				35A2EF2121C73D8400A30DB0 /* ZDBillingController.m */,
			);
			path = ViewController;
			sourceTree = "<group>";
		};
		35A2EF0721C7391000A30DB0 /* Model */ = {
			isa = PBXGroup;
			children = (
			);
			path = Model;
			sourceTree = "<group>";
		};
		35A2EF0821C7391700A30DB0 /* ViewModel */ = {
			isa = PBXGroup;
			children = (
			);
			path = ViewModel;
			sourceTree = "<group>";
		};
		35A2EF0921C7391F00A30DB0 /* View */ = {
			isa = PBXGroup;
			children = (
			);
			path = View;
			sourceTree = "<group>";
		};
		35A2EF0A21C7392500A30DB0 /* ViewController */ = {
			isa = PBXGroup;
			children = (
				35A2EF2321C73D9500A30DB0 /* ZDFormsController.h */,
				35A2EF2421C73D9500A30DB0 /* ZDFormsController.m */,
			);
			path = ViewController;
			sourceTree = "<group>";
		};
		35A2EF0B21C7393000A30DB0 /* Model */ = {
			isa = PBXGroup;
			children = (
			);
			path = Model;
			sourceTree = "<group>";
		};
		35A2EF0C21C7393800A30DB0 /* ViewModel */ = {
			isa = PBXGroup;
			children = (
			);
			path = ViewModel;
			sourceTree = "<group>";
		};
		35A2EF0D21C7394100A30DB0 /* View */ = {
			isa = PBXGroup;
			children = (
			);
			path = View;
			sourceTree = "<group>";
		};
		35A2EF0E21C7394800A30DB0 /* ViewController */ = {
			isa = PBXGroup;
			children = (
				35A2EF2621C73DA300A30DB0 /* ZDSetController.h */,
				35A2EF2721C73DA300A30DB0 /* ZDSetController.m */,
			);
			path = ViewController;
			sourceTree = "<group>";
		};
		F20DC638B520CB8C0B7F783C /* Pods */ = {
			isa = PBXGroup;
			children = (
				EF5CBF5FCE6A4331B0BE8C2F /* Pods-Zhangdian.debug.xcconfig */,
				A429E866A7E09B30BA8E67F9 /* Pods-Zhangdian.release.xcconfig */,
			);
			name = Pods;
			sourceTree = "<group>";
		};
/* End PBXGroup section */

/* Begin PBXNativeTarget section */
		3522B50421B7685B004A7C8F /* Zhangdian */ = {
			isa = PBXNativeTarget;
			buildConfigurationList = 3522B51E21B7685C004A7C8F /* Build configuration list for PBXNativeTarget "Zhangdian" */;
			buildPhases = (
				3948FF828960133CC4A57773 /* [CP] Check Pods Manifest.lock */,
				3522B50121B7685B004A7C8F /* Sources */,
				3522B50221B7685B004A7C8F /* Frameworks */,
				3522B50321B7685B004A7C8F /* Resources */,
				0E20C3241A9D89D0ED564F6B /* [CP] Copy Pods Resources */,
			);
			buildRules = (
			);
			dependencies = (
			);
			name = Zhangdian;
			productName = Zhangdian;
			productReference = 3522B50521B7685B004A7C8F /* Zhangdian.app */;
			productType = "com.apple.product-type.application";
		};
/* End PBXNativeTarget section */

/* Begin PBXProject section */
		3522B4FD21B7685A004A7C8F /* Project object */ = {
			isa = PBXProject;
			attributes = {
				CLASSPREFIX = ZD;
				LastUpgradeCheck = 1010;
				ORGANIZATIONNAME = wenyizhen;
				TargetAttributes = {
					3522B50421B7685B004A7C8F = {
						CreatedOnToolsVersion = 10.1;
					};
				};
			};
			buildConfigurationList = 3522B50021B7685A004A7C8F /* Build configuration list for PBXProject "Zhangdian" */;
			compatibilityVersion = "Xcode 9.3";
			developmentRegion = en;
			hasScannedForEncodings = 0;
			knownRegions = (
				en,
				Base,
			);
			mainGroup = 3522B4FC21B7685A004A7C8F;
			productRefGroup = 3522B50621B7685B004A7C8F /* Products */;
			projectDirPath = "";
			projectRoot = "";
			targets = (
				3522B50421B7685B004A7C8F /* Zhangdian */,
			);
		};
/* End PBXProject section */

/* Begin PBXResourcesBuildPhase section */
		3522B50321B7685B004A7C8F /* Resources */ = {
			isa = PBXResourcesBuildPhase;
			buildActionMask = 2147483647;
			files = (
				359A268721DC45B600C1B9C4 /* ZDGuessReusableView.xib in Resources */,
				3522B51821B7685C004A7C8F /* LaunchScreen.storyboard in Resources */,
				359A267D21DC456A00C1B9C4 /* ZDCarouselReusableView.xib in Resources */,
				35A2EEEF21C7379700A30DB0 /* Set.storyboard in Resources */,
				3522B51521B7685C004A7C8F /* Assets.xcassets in Resources */,
				35A2EF1021C73A5D00A30DB0 /* Main.storyboard in Resources */,
				35A2EEF121C737B900A30DB0 /* Forms.storyboard in Resources */,
				359A268221DC458200C1B9C4 /* ZDTodayeusableView.xib in Resources */,
				35A2EEF721C737E600A30DB0 /* MainPage.storyboard in Resources */,
				35A2EEF521C737D600A30DB0 /* Detail.storyboard in Resources */,
				35A2EEF321C737CA00A30DB0 /* Billing.storyboard in Resources */,
			);
			runOnlyForDeploymentPostprocessing = 0;
		};
/* End PBXResourcesBuildPhase section */

/* Begin PBXShellScriptBuildPhase section */
		0E20C3241A9D89D0ED564F6B /* [CP] Copy Pods Resources */ = {
			isa = PBXShellScriptBuildPhase;
			buildActionMask = 2147483647;
			files = (
			);
			inputPaths = (
				"${SRCROOT}/Pods/Target Support Files/Pods-Zhangdian/Pods-Zhangdian-resources.sh",
				"${PODS_ROOT}/MJRefresh/MJRefresh/MJRefresh.bundle",
			);
			name = "[CP] Copy Pods Resources";
			outputPaths = (
				"${TARGET_BUILD_DIR}/${UNLOCALIZED_RESOURCES_FOLDER_PATH}/MJRefresh.bundle",
			);
			runOnlyForDeploymentPostprocessing = 0;
			shellPath = /bin/sh;
			shellScript = "\"${SRCROOT}/Pods/Target Support Files/Pods-Zhangdian/Pods-Zhangdian-resources.sh\"\n";
			showEnvVarsInLog = 0;
		};
		3948FF828960133CC4A57773 /* [CP] Check Pods Manifest.lock */ = {
			isa = PBXShellScriptBuildPhase;
			buildActionMask = 2147483647;
			files = (
			);
			inputPaths = (
				"${PODS_PODFILE_DIR_PATH}/Podfile.lock",
				"${PODS_ROOT}/Manifest.lock",
			);
			name = "[CP] Check Pods Manifest.lock";
			outputPaths = (
				"$(DERIVED_FILE_DIR)/Pods-Zhangdian-checkManifestLockResult.txt",
			);
			runOnlyForDeploymentPostprocessing = 0;
			shellPath = /bin/sh;
			shellScript = "diff \"${PODS_PODFILE_DIR_PATH}/Podfile.lock\" \"${PODS_ROOT}/Manifest.lock\" > /dev/null\nif [ $? != 0 ] ; then\n    # print error to STDERR\n    echo \"error: The sandbox is not in sync with the Podfile.lock. Run 'pod install' or update your CocoaPods installation.\" >&2\n    exit 1\nfi\n# This output is used by Xcode 'outputs' to avoid re-running this script phase.\necho \"SUCCESS\" > \"${SCRIPT_OUTPUT_FILE_0}\"\n";
			showEnvVarsInLog = 0;
		};
/* End PBXShellScriptBuildPhase section */

/* Begin PBXSourcesBuildPhase section */
		3522B50121B7685B004A7C8F /* Sources */ = {
			isa = PBXSourcesBuildPhase;
			buildActionMask = 2147483647;
			files = (
				35A2EF1C21C73B4800A30DB0 /* ZDBabBarController.m in Sources */,
				3522B51321B7685B004A7C8F /* Zhangdian.xcdatamodeld in Sources */,
				359A268621DC45B600C1B9C4 /* ZDGuessReusableView.m in Sources */,
				352D9E3B21BA1437007479DA /* ZDTitleView.m in Sources */,
				35A2EF1921C73B2E00A30DB0 /* ZDViewController.m in Sources */,
				35A2EF2221C73D8400A30DB0 /* ZDBillingController.m in Sources */,
				3522B51B21B7685C004A7C8F /* main.m in Sources */,
				3522B52621B7ADD4004A7C8F /* ZDNet.m in Sources */,
				35A2EF2821C73DA300A30DB0 /* ZDSetController.m in Sources */,
				35A2EF1621C73B0000A30DB0 /* ZDNavigationController.m in Sources */,
				359A267C21DC456A00C1B9C4 /* ZDCarouselReusableView.m in Sources */,
				359A268121DC458200C1B9C4 /* ZDTodayeusableView.m in Sources */,
				3522B50A21B7685B004A7C8F /* AppDelegate.m in Sources */,
				35A2EF1F21C73D7000A30DB0 /* ZDDetailController.m in Sources */,
				359A268D21DC461500C1B9C4 /* ZDHomeTodayCell.m in Sources */,
				3531B11221C7722F00530BDC /* ZDCenterBarItem.m in Sources */,
				35A2EEFA21C7384500A30DB0 /* ZDMainPageController.m in Sources */,
				35A2EF2521C73D9500A30DB0 /* ZDFormsController.m in Sources */,
				359A269021DC462D00C1B9C4 /* ZDHomeGuessCell.m in Sources */,
				359A268A21DC45F700C1B9C4 /* ZDHomeItemCell.m in Sources */,
			);
			runOnlyForDeploymentPostprocessing = 0;
		};
/* End PBXSourcesBuildPhase section */

/* Begin PBXVariantGroup section */
		3522B51621B7685C004A7C8F /* LaunchScreen.storyboard */ = {
			isa = PBXVariantGroup;
			children = (
				3522B51721B7685C004A7C8F /* Base */,
			);
			name = LaunchScreen.storyboard;
			sourceTree = "<group>";
		};
/* End PBXVariantGroup section */

/* Begin XCBuildConfiguration section */
		3522B51C21B7685C004A7C8F /* Debug */ = {
			isa = XCBuildConfiguration;
			buildSettings = {
				ALWAYS_SEARCH_USER_PATHS = NO;
				CLANG_ANALYZER_NONNULL = YES;
				CLANG_ANALYZER_NUMBER_OBJECT_CONVERSION = YES_AGGRESSIVE;
				CLANG_CXX_LANGUAGE_STANDARD = "gnu++14";
				CLANG_CXX_LIBRARY = "libc++";
				CLANG_ENABLE_MODULES = YES;
				CLANG_ENABLE_OBJC_ARC = YES;
				CLANG_ENABLE_OBJC_WEAK = YES;
				CLANG_WARN_BLOCK_CAPTURE_AUTORELEASING = YES;
				CLANG_WARN_BOOL_CONVERSION = YES;
				CLANG_WARN_COMMA = YES;
				CLANG_WARN_CONSTANT_CONVERSION = YES;
				CLANG_WARN_DEPRECATED_OBJC_IMPLEMENTATIONS = YES;
				CLANG_WARN_DIRECT_OBJC_ISA_USAGE = YES_ERROR;
				CLANG_WARN_DOCUMENTATION_COMMENTS = YES;
				CLANG_WARN_EMPTY_BODY = YES;
				CLANG_WARN_ENUM_CONVERSION = YES;
				CLANG_WARN_INFINITE_RECURSION = YES;
				CLANG_WARN_INT_CONVERSION = YES;
				CLANG_WARN_NON_LITERAL_NULL_CONVERSION = YES;
				CLANG_WARN_OBJC_IMPLICIT_RETAIN_SELF = YES;
				CLANG_WARN_OBJC_LITERAL_CONVERSION = YES;
				CLANG_WARN_OBJC_ROOT_CLASS = YES_ERROR;
				CLANG_WARN_RANGE_LOOP_ANALYSIS = YES;
				CLANG_WARN_STRICT_PROTOTYPES = YES;
				CLANG_WARN_SUSPICIOUS_MOVE = YES;
				CLANG_WARN_UNGUARDED_AVAILABILITY = YES_AGGRESSIVE;
				CLANG_WARN_UNREACHABLE_CODE = YES;
				CLANG_WARN__DUPLICATE_METHOD_MATCH = YES;
				CODE_SIGN_IDENTITY = "iPhone Developer";
				COPY_PHASE_STRIP = NO;
				DEBUG_INFORMATION_FORMAT = dwarf;
				ENABLE_STRICT_OBJC_MSGSEND = YES;
				ENABLE_TESTABILITY = YES;
				GCC_C_LANGUAGE_STANDARD = gnu11;
				GCC_DYNAMIC_NO_PIC = NO;
				GCC_NO_COMMON_BLOCKS = YES;
				GCC_OPTIMIZATION_LEVEL = 0;
				GCC_PREFIX_HEADER = Zhangdian/Base/PrefixHeader.pch;
				GCC_PREPROCESSOR_DEFINITIONS = (
					"DEBUG=1",
					"$(inherited)",
				);
				GCC_WARN_64_TO_32_BIT_CONVERSION = YES;
				GCC_WARN_ABOUT_RETURN_TYPE = YES_ERROR;
				GCC_WARN_UNDECLARED_SELECTOR = YES;
				GCC_WARN_UNINITIALIZED_AUTOS = YES_AGGRESSIVE;
				GCC_WARN_UNUSED_FUNCTION = YES;
				GCC_WARN_UNUSED_VARIABLE = YES;
				IPHONEOS_DEPLOYMENT_TARGET = 10.0;
				MTL_ENABLE_DEBUG_INFO = INCLUDE_SOURCE;
				MTL_FAST_MATH = YES;
				ONLY_ACTIVE_ARCH = YES;
				SDKROOT = iphoneos;
			};
			name = Debug;
		};
		3522B51D21B7685C004A7C8F /* Release */ = {
			isa = XCBuildConfiguration;
			buildSettings = {
				ALWAYS_SEARCH_USER_PATHS = NO;
				CLANG_ANALYZER_NONNULL = YES;
				CLANG_ANALYZER_NUMBER_OBJECT_CONVERSION = YES_AGGRESSIVE;
				CLANG_CXX_LANGUAGE_STANDARD = "gnu++14";
				CLANG_CXX_LIBRARY = "libc++";
				CLANG_ENABLE_MODULES = YES;
				CLANG_ENABLE_OBJC_ARC = YES;
				CLANG_ENABLE_OBJC_WEAK = YES;
				CLANG_WARN_BLOCK_CAPTURE_AUTORELEASING = YES;
				CLANG_WARN_BOOL_CONVERSION = YES;
				CLANG_WARN_COMMA = YES;
				CLANG_WARN_CONSTANT_CONVERSION = YES;
				CLANG_WARN_DEPRECATED_OBJC_IMPLEMENTATIONS = YES;
				CLANG_WARN_DIRECT_OBJC_ISA_USAGE = YES_ERROR;
				CLANG_WARN_DOCUMENTATION_COMMENTS = YES;
				CLANG_WARN_EMPTY_BODY = YES;
				CLANG_WARN_ENUM_CONVERSION = YES;
				CLANG_WARN_INFINITE_RECURSION = YES;
				CLANG_WARN_INT_CONVERSION = YES;
				CLANG_WARN_NON_LITERAL_NULL_CONVERSION = YES;
				CLANG_WARN_OBJC_IMPLICIT_RETAIN_SELF = YES;
				CLANG_WARN_OBJC_LITERAL_CONVERSION = YES;
				CLANG_WARN_OBJC_ROOT_CLASS = YES_ERROR;
				CLANG_WARN_RANGE_LOOP_ANALYSIS = YES;
				CLANG_WARN_STRICT_PROTOTYPES = YES;
				CLANG_WARN_SUSPICIOUS_MOVE = YES;
				CLANG_WARN_UNGUARDED_AVAILABILITY = YES_AGGRESSIVE;
				CLANG_WARN_UNREACHABLE_CODE = YES;
				CLANG_WARN__DUPLICATE_METHOD_MATCH = YES;
				CODE_SIGN_IDENTITY = "iPhone Developer";
				COPY_PHASE_STRIP = NO;
				DEBUG_INFORMATION_FORMAT = "dwarf-with-dsym";
				ENABLE_NS_ASSERTIONS = NO;
				ENABLE_STRICT_OBJC_MSGSEND = YES;
				GCC_C_LANGUAGE_STANDARD = gnu11;
				GCC_NO_COMMON_BLOCKS = YES;
				GCC_PREFIX_HEADER = Zhangdian/Base/PrefixHeader.pch;
				GCC_WARN_64_TO_32_BIT_CONVERSION = YES;
				GCC_WARN_ABOUT_RETURN_TYPE = YES_ERROR;
				GCC_WARN_UNDECLARED_SELECTOR = YES;
				GCC_WARN_UNINITIALIZED_AUTOS = YES_AGGRESSIVE;
				GCC_WARN_UNUSED_FUNCTION = YES;
				GCC_WARN_UNUSED_VARIABLE = YES;
				IPHONEOS_DEPLOYMENT_TARGET = 10.0;
				MTL_ENABLE_DEBUG_INFO = NO;
				MTL_FAST_MATH = YES;
				SDKROOT = iphoneos;
				VALIDATE_PRODUCT = YES;
			};
			name = Release;
		};
		3522B51F21B7685C004A7C8F /* Debug */ = {
			isa = XCBuildConfiguration;
			baseConfigurationReference = EF5CBF5FCE6A4331B0BE8C2F /* Pods-Zhangdian.debug.xcconfig */;
			buildSettings = {
				ASSETCATALOG_COMPILER_APPICON_NAME = AppIcon;
				CODE_SIGN_STYLE = Automatic;
				INFOPLIST_FILE = Zhangdian/Info.plist;
				LD_RUNPATH_SEARCH_PATHS = (
					"$(inherited)",
					"@executable_path/Frameworks",
				);
				PRODUCT_BUNDLE_IDENTIFIER = com.zhangdian.Zhangdian;
				PRODUCT_NAME = "$(TARGET_NAME)";
				TARGETED_DEVICE_FAMILY = "1,2";
			};
			name = Debug;
		};
		3522B52021B7685C004A7C8F /* Release */ = {
			isa = XCBuildConfiguration;
			baseConfigurationReference = A429E866A7E09B30BA8E67F9 /* Pods-Zhangdian.release.xcconfig */;
			buildSettings = {
				ASSETCATALOG_COMPILER_APPICON_NAME = AppIcon;
				CODE_SIGN_STYLE = Automatic;
				INFOPLIST_FILE = Zhangdian/Info.plist;
				LD_RUNPATH_SEARCH_PATHS = (
					"$(inherited)",
					"@executable_path/Frameworks",
				);
				PRODUCT_BUNDLE_IDENTIFIER = com.zhangdian.Zhangdian;
				PRODUCT_NAME = "$(TARGET_NAME)";
				TARGETED_DEVICE_FAMILY = "1,2";
			};
			name = Release;
		};
/* End XCBuildConfiguration section */

/* Begin XCConfigurationList section */
		3522B50021B7685A004A7C8F /* Build configuration list for PBXProject "Zhangdian" */ = {
			isa = XCConfigurationList;
			buildConfigurations = (
				3522B51C21B7685C004A7C8F /* Debug */,
				3522B51D21B7685C004A7C8F /* Release */,
			);
			defaultConfigurationIsVisible = 0;
			defaultConfigurationName = Release;
		};
		3522B51E21B7685C004A7C8F /* Build configuration list for PBXNativeTarget "Zhangdian" */ = {
			isa = XCConfigurationList;
			buildConfigurations = (
				3522B51F21B7685C004A7C8F /* Debug */,
				3522B52021B7685C004A7C8F /* Release */,
			);
			defaultConfigurationIsVisible = 0;
			defaultConfigurationName = Release;
		};
/* End XCConfigurationList section */

/* Begin XCVersionGroup section */
		3522B51121B7685B004A7C8F /* Zhangdian.xcdatamodeld */ = {
			isa = XCVersionGroup;
			children = (
				3522B51221B7685B004A7C8F /* Zhangdian.xcdatamodel */,
			);
			currentVersion = 3522B51221B7685B004A7C8F /* Zhangdian.xcdatamodel */;
			path = Zhangdian.xcdatamodeld;
			sourceTree = "<group>";
			versionGroupType = wrapper.xcdatamodel;
		};
/* End XCVersionGroup section */
	};
	rootObject = 3522B4FD21B7685A004A7C8F /* Project object */;
}
